
Microsoft Visual Studio Solution File, Format Version 12.00
# Visual Studio Version 17
VisualStudioVersion = 17.0.32112.339
MinimumVisualStudioVersion = 10.0.40219.1
Project("{FAE04EC0-301F-11D3-BF4B-00C04F79EFBC}") = "ExtractorCore", "ExtractorCore\ExtractorCore.csproj", "{4D500FE2-7731-472C-B472-422B32E20E85}"
EndProject
Global
	GlobalSection(SolutionConfigurationPlatforms) = preSolution
		Debug|Any CPU = Debug|Any CPU
		Release|Any CPU = Release|Any CPU
	EndGlobalSection
	GlobalSection(ProjectConfigurationPlatforms) = postSolution
		{4D500FE2-7731-472C-B472-422B32E20E85}.Debug|Any CPU.ActiveCfg = Debug|Any CPU
		{4D500FE2-7731-472C-B472-422B32E20E85}.Debug|Any CPU.Build.0 = Debug|Any CPU
		{4D500FE2-7731-472C-B472-422B32E20E85}.Release|Any CPU.ActiveCfg = Release|Any CPU
		{4D500FE2-7731-472C-B472-422B32E20E85}.Release|Any CPU.Build.0 = Release|Any CPU
	EndGlobalSection
	GlobalSection(SolutionProperties) = preSolution
		HideSolutionNode = FALSE
	EndGlobalSection
	GlobalSection(ExtensibilityGlobals) = postSolution
		SolutionGuid = {73EC6DCA-3472-4D4F-BDD8-D01BFF3B6116}
	EndGlobalSection
EndGlobal
